// !$*UTF8*$!
{
	archiveVersion = 1;
	classes = {
	};
	objectVersion = 51;
	objects = {

/* Begin PBXBuildFile section */
		4E57E80B504AA59EE3B620B5 /* Pods_WJDemo.framework in Frameworks */ = {isa = PBXBuildFile; fileRef = 8980A78DFCAA6AB90F9CB6D1 /* Pods_WJDemo.framework */; };
		644C38C4B29E3F24A6163199 /* Pods_WJDemo_WJDemoUITests.framework in Frameworks */ = {isa = PBXBuildFile; fileRef = 29E409CB6F001FFD15DC13F2 /* Pods_WJDemo_WJDemoUITests.framework */; };
		7A473D3F24750055000B84FC /* AppDelegate.m in Sources */ = {isa = PBXBuildFile; fileRef = 7A473D3E24750055000B84FC /* AppDelegate.m */; };
		7A473D4224750055000B84FC /* SceneDelegate.m in Sources */ = {isa = PBXBuildFile; fileRef = 7A473D4124750055000B84FC /* SceneDelegate.m */; };
		7A473D4524750055000B84FC /* ViewController.m in Sources */ = {isa = PBXBuildFile; fileRef = 7A473D4424750055000B84FC /* ViewController.m */; };
		7A473D4824750055000B84FC /* Main.storyboard in Resources */ = {isa = PBXBuildFile; fileRef = 7A473D4624750055000B84FC /* Main.storyboard */; };
		7A473D4A24750058000B84FC /* Assets.xcassets in Resources */ = {isa = PBXBuildFile; fileRef = 7A473D4924750058000B84FC /* Assets.xcassets */; };
		7A473D4D24750058000B84FC /* LaunchScreen.storyboard in Resources */ = {isa = PBXBuildFile; fileRef = 7A473D4B24750058000B84FC /* LaunchScreen.storyboard */; };
		7A473D5024750058000B84FC /* main.m in Sources */ = {isa = PBXBuildFile; fileRef = 7A473D4F24750058000B84FC /* main.m */; };
		7A473D5A24750058000B84FC /* WJDemoTests.m in Sources */ = {isa = PBXBuildFile; fileRef = 7A473D5924750058000B84FC /* WJDemoTests.m */; };
		7A473D6524750058000B84FC /* WJDemoUITests.m in Sources */ = {isa = PBXBuildFile; fileRef = 7A473D6424750058000B84FC /* WJDemoUITests.m */; };
		C36F1FEA2B25BE484B855624 /* Pods_WJDemoTests.framework in Frameworks */ = {isa = PBXBuildFile; fileRef = A896DA368FC9A1DE9B7E02AA /* Pods_WJDemoTests.framework */; };
/* End PBXBuildFile section */

/* Begin PBXContainerItemProxy section */
		7A473D5624750058000B84FC /* PBXContainerItemProxy */ = {
			isa = PBXContainerItemProxy;
			containerPortal = 7A473D3224750055000B84FC /* Project object */;
			proxyType = 1;
			remoteGlobalIDString = 7A473D3924750055000B84FC;
			remoteInfo = WJDemo;
		};
		7A473D6124750058000B84FC /* PBXContainerItemProxy */ = {
			isa = PBXContainerItemProxy;
			containerPortal = 7A473D3224750055000B84FC /* Project object */;
			proxyType = 1;
			remoteGlobalIDString = 7A473D3924750055000B84FC;
			remoteInfo = WJDemo;
		};
/* End PBXContainerItemProxy section */

/* Begin PBXFileReference section */
		21A4F798EA0FED514D65697A /* Pods-WJDemo.release.xcconfig */ = {isa = PBXFileReference; includeInIndex = 1; lastKnownFileType = text.xcconfig; name = "Pods-WJDemo.release.xcconfig"; path = "Target Support Files/Pods-WJDemo/Pods-WJDemo.release.xcconfig"; sourceTree = "<group>"; };
		29E409CB6F001FFD15DC13F2 /* Pods_WJDemo_WJDemoUITests.framework */ = {isa = PBXFileReference; explicitFileType = wrapper.framework; includeInIndex = 0; path = Pods_WJDemo_WJDemoUITests.framework; sourceTree = BUILT_PRODUCTS_DIR; };
		33212A76AB003E6ADA7AE34F /* Pods-WJDemo-WJDemoUITests.release.xcconfig */ = {isa = PBXFileReference; includeInIndex = 1; lastKnownFileType = text.xcconfig; name = "Pods-WJDemo-WJDemoUITests.release.xcconfig"; path = "Target Support Files/Pods-WJDemo-WJDemoUITests/Pods-WJDemo-WJDemoUITests.release.xcconfig"; sourceTree = "<group>"; };
		48684FA3B14C9B0A606F1472 /* Pods-WJDemoTests.debug.xcconfig */ = {isa = PBXFileReference; includeInIndex = 1; lastKnownFileType = text.xcconfig; name = "Pods-WJDemoTests.debug.xcconfig"; path = "Target Support Files/Pods-WJDemoTests/Pods-WJDemoTests.debug.xcconfig"; sourceTree = "<group>"; };
		4F423701EF46DB8EBF397EE4 /* Pods-WJDemo.debug.xcconfig */ = {isa = PBXFileReference; includeInIndex = 1; lastKnownFileType = text.xcconfig; name = "Pods-WJDemo.debug.xcconfig"; path = "Target Support Files/Pods-WJDemo/Pods-WJDemo.debug.xcconfig"; sourceTree = "<group>"; };
		595BAD0FE959F8E1DC44E1C4 /* Pods-WJDemo-WJDemoUITests.debug.xcconfig */ = {isa = PBXFileReference; includeInIndex = 1; lastKnownFileType = text.xcconfig; name = "Pods-WJDemo-WJDemoUITests.debug.xcconfig"; path = "Target Support Files/Pods-WJDemo-WJDemoUITests/Pods-WJDemo-WJDemoUITests.debug.xcconfig"; sourceTree = "<group>"; };
		5D5D41138C73DD9F623A4F69 /* Pods-WJDemoTests.release.xcconfig */ = {isa = PBXFileReference; includeInIndex = 1; lastKnownFileType = text.xcconfig; name = "Pods-WJDemoTests.release.xcconfig"; path = "Target Support Files/Pods-WJDemoTests/Pods-WJDemoTests.release.xcconfig"; sourceTree = "<group>"; };
		7A473D3A24750055000B84FC /* WJDemo.app */ = {isa = PBXFileReference; explicitFileType = wrapper.application; includeInIndex = 0; path = WJDemo.app; sourceTree = BUILT_PRODUCTS_DIR; };
		7A473D3D24750055000B84FC /* AppDelegate.h */ = {isa = PBXFileReference; lastKnownFileType = sourcecode.c.h; path = AppDelegate.h; sourceTree = "<group>"; };
		7A473D3E24750055000B84FC /* AppDelegate.m */ = {isa = PBXFileReference; lastKnownFileType = sourcecode.c.objc; path = AppDelegate.m; sourceTree = "<group>"; };
		7A473D4024750055000B84FC /* SceneDelegate.h */ = {isa = PBXFileReference; lastKnownFileType = sourcecode.c.h; path = SceneDelegate.h; sourceTree = "<group>"; };
		7A473D4124750055000B84FC /* SceneDelegate.m */ = {isa = PBXFileReference; lastKnownFileType = sourcecode.c.objc; path = SceneDelegate.m; sourceTree = "<group>"; };
		7A473D4324750055000B84FC /* ViewController.h */ = {isa = PBXFileReference; lastKnownFileType = sourcecode.c.h; path = ViewController.h; sourceTree = "<group>"; };
		7A473D4424750055000B84FC /* ViewController.m */ = {isa = PBXFileReference; lastKnownFileType = sourcecode.c.objc; path = ViewController.m; sourceTree = "<group>"; };
		7A473D4724750055000B84FC /* Base */ = {isa = PBXFileReference; lastKnownFileType = file.storyboard; name = Base; path = Base.lproj/Main.storyboard; sourceTree = "<group>"; };
		7A473D4924750058000B84FC /* Assets.xcassets */ = {isa = PBXFileReference; lastKnownFileType = folder.assetcatalog; path = Assets.xcassets; sourceTree = "<group>"; };
		7A473D4C24750058000B84FC /* Base */ = {isa = PBXFileReference; lastKnownFileType = file.storyboard; name = Base; path = Base.lproj/LaunchScreen.storyboard; sourceTree = "<group>"; };
		7A473D4E24750058000B84FC /* Info.plist */ = {isa = PBXFileReference; lastKnownFileType = text.plist.xml; path = Info.plist; sourceTree = "<group>"; };
		7A473D4F24750058000B84FC /* main.m */ = {isa = PBXFileReference; lastKnownFileType = sourcecode.c.objc; path = main.m; sourceTree = "<group>"; };
		7A473D5524750058000B84FC /* WJDemoTests.xctest */ = {isa = PBXFileReference; explicitFileType = wrapper.cfbundle; includeInIndex = 0; path = WJDemoTests.xctest; sourceTree = BUILT_PRODUCTS_DIR; };
		7A473D5924750058000B84FC /* WJDemoTests.m */ = {isa = PBXFileReference; lastKnownFileType = sourcecode.c.objc; path = WJDemoTests.m; sourceTree = "<group>"; };
		7A473D5B24750058000B84FC /* Info.plist */ = {isa = PBXFileReference; lastKnownFileType = text.plist.xml; path = Info.plist; sourceTree = "<group>"; };
		7A473D6024750058000B84FC /* WJDemoUITests.xctest */ = {isa = PBXFileReference; explicitFileType = wrapper.cfbundle; includeInIndex = 0; path = WJDemoUITests.xctest; sourceTree = BUILT_PRODUCTS_DIR; };
		7A473D6424750058000B84FC /* WJDemoUITests.m */ = {isa = PBXFileReference; lastKnownFileType = sourcecode.c.objc; path = WJDemoUITests.m; sourceTree = "<group>"; };
		7A473D6624750058000B84FC /* Info.plist */ = {isa = PBXFileReference; lastKnownFileType = text.plist.xml; path = Info.plist; sourceTree = "<group>"; };
		8980A78DFCAA6AB90F9CB6D1 /* Pods_WJDemo.framework */ = {isa = PBXFileReference; explicitFileType = wrapper.framework; includeInIndex = 0; path = Pods_WJDemo.framework; sourceTree = BUILT_PRODUCTS_DIR; };
		A896DA368FC9A1DE9B7E02AA /* Pods_WJDemoTests.framework */ = {isa = PBXFileReference; explicitFileType = wrapper.framework; includeInIndex = 0; path = Pods_WJDemoTests.framework; sourceTree = BUILT_PRODUCTS_DIR; };
/* End PBXFileReference section */

/* Begin PBXFrameworksBuildPhase section */
		7A473D3724750055000B84FC /* Frameworks */ = {
			isa = PBXFrameworksBuildPhase;
			buildActionMask = 2147483647;
			files = (
				4E57E80B504AA59EE3B620B5 /* Pods_WJDemo.framework in Frameworks */,
			);
			runOnlyForDeploymentPostprocessing = 0;
		};
		7A473D5224750058000B84FC /* Frameworks */ = {
			isa = PBXFrameworksBuildPhase;
			buildActionMask = 2147483647;
			files = (
				C36F1FEA2B25BE484B855624 /* Pods_WJDemoTests.framework in Frameworks */,
			);
			runOnlyForDeploymentPostprocessing = 0;
		};
		7A473D5D24750058000B84FC /* Frameworks */ = {
			isa = PBXFrameworksBuildPhase;
			buildActionMask = 2147483647;
			files = (
				644C38C4B29E3F24A6163199 /* Pods_WJDemo_WJDemoUITests.framework in Frameworks */,
			);
			runOnlyForDeploymentPostprocessing = 0;
		};
/* End PBXFrameworksBuildPhase section */

/* Begin PBXGroup section */
		4E923E29B6D88EB73560EE84 /* Frameworks */ = {
			isa = PBXGroup;
			children = (
				8980A78DFCAA6AB90F9CB6D1 /* Pods_WJDemo.framework */,
				29E409CB6F001FFD15DC13F2 /* Pods_WJDemo_WJDemoUITests.framework */,
				A896DA368FC9A1DE9B7E02AA /* Pods_WJDemoTests.framework */,
			);
			name = Frameworks;
			sourceTree = "<group>";
		};
		50363B27B5C5C7818D0D01A6 /* Pods */ = {
			isa = PBXGroup;
			children = (
				4F423701EF46DB8EBF397EE4 /* Pods-WJDemo.debug.xcconfig */,
				21A4F798EA0FED514D65697A /* Pods-WJDemo.release.xcconfig */,
				595BAD0FE959F8E1DC44E1C4 /* Pods-WJDemo-WJDemoUITests.debug.xcconfig */,
				33212A76AB003E6ADA7AE34F /* Pods-WJDemo-WJDemoUITests.release.xcconfig */,
				48684FA3B14C9B0A606F1472 /* Pods-WJDemoTests.debug.xcconfig */,
				5D5D41138C73DD9F623A4F69 /* Pods-WJDemoTests.release.xcconfig */,
			);
			path = Pods;
			sourceTree = "<group>";
		};
		7A473D3124750055000B84FC = {
			isa = PBXGroup;
			children = (
				7A473D3C24750055000B84FC /* WJDemo */,
				7A473D5824750058000B84FC /* WJDemoTests */,
				7A473D6324750058000B84FC /* WJDemoUITests */,
				7A473D3B24750055000B84FC /* Products */,
				50363B27B5C5C7818D0D01A6 /* Pods */,
				4E923E29B6D88EB73560EE84 /* Frameworks */,
			);
			sourceTree = "<group>";
		};
		7A473D3B24750055000B84FC /* Products */ = {
			isa = PBXGroup;
			children = (
				7A473D3A24750055000B84FC /* WJDemo.app */,
				7A473D5524750058000B84FC /* WJDemoTests.xctest */,
				7A473D6024750058000B84FC /* WJDemoUITests.xctest */,
			);
			name = Products;
			sourceTree = "<group>";
		};
		7A473D3C24750055000B84FC /* WJDemo */ = {
			isa = PBXGroup;
			children = (
				7A473D3D24750055000B84FC /* AppDelegate.h */,
				7A473D3E24750055000B84FC /* AppDelegate.m */,
				7A473D4024750055000B84FC /* SceneDelegate.h */,
				7A473D4124750055000B84FC /* SceneDelegate.m */,
				7A473D4324750055000B84FC /* ViewController.h */,
				7A473D4424750055000B84FC /* ViewController.m */,
				7A473D4624750055000B84FC /* Main.storyboard */,
				7A473D4924750058000B84FC /* Assets.xcassets */,
				7A473D4B24750058000B84FC /* LaunchScreen.storyboard */,
				7A473D4E24750058000B84FC /* Info.plist */,
				7A473D4F24750058000B84FC /* main.m */,
			);
			path = WJDemo;
			sourceTree = "<group>";
		};
		7A473D5824750058000B84FC /* WJDemoTests */ = {
			isa = PBXGroup;
			children = (
				7A473D5924750058000B84FC /* WJDemoTests.m */,
				7A473D5B24750058000B84FC /* Info.plist */,
			);
			path = WJDemoTests;
			sourceTree = "<group>";
		};
		7A473D6324750058000B84FC /* WJDemoUITests */ = {
			isa = PBXGroup;
			children = (
				7A473D6424750058000B84FC /* WJDemoUITests.m */,
				7A473D6624750058000B84FC /* Info.plist */,
			);
			path = WJDemoUITests;
			sourceTree = "<group>";
		};
/* End PBXGroup section */

/* Begin PBXNativeTarget section */
		7A473D3924750055000B84FC /* WJDemo */ = {
			isa = PBXNativeTarget;
			buildConfigurationList = 7A473D6924750058000B84FC /* Build configuration list for PBXNativeTarget "WJDemo" */;
			buildPhases = (
				7AADABB18CA69CC913CA4CA5 /* [CP] Check Pods Manifest.lock */,
				7A473D3624750055000B84FC /* Sources */,
				7A473D3724750055000B84FC /* Frameworks */,
				7A473D3824750055000B84FC /* Resources */,
				DBD391EFEA653E63F008CDFC /* [CP] Embed Pods Frameworks */,
			);
			buildRules = (
			);
			dependencies = (
			);
			name = WJDemo;
			productName = WJDemo;
			productReference = 7A473D3A24750055000B84FC /* WJDemo.app */;
			productType = "com.apple.product-type.application";
		};
		7A473D5424750058000B84FC /* WJDemoTests */ = {
			isa = PBXNativeTarget;
			buildConfigurationList = 7A473D6C24750058000B84FC /* Build configuration list for PBXNativeTarget "WJDemoTests" */;
			buildPhases = (
				5FC6F9D3C97CF81F5CE31114 /* [CP] Check Pods Manifest.lock */,
				7A473D5124750058000B84FC /* Sources */,
				7A473D5224750058000B84FC /* Frameworks */,
				7A473D5324750058000B84FC /* Resources */,
			);
			buildRules = (
			);
			dependencies = (
				7A473D5724750058000B84FC /* PBXTargetDependency */,
			);
			name = WJDemoTests;
			productName = WJDemoTests;
			productReference = 7A473D5524750058000B84FC /* WJDemoTests.xctest */;
			productType = "com.apple.product-type.bundle.unit-test";
		};
		7A473D5F24750058000B84FC /* WJDemoUITests */ = {
			isa = PBXNativeTarget;
			buildConfigurationList = 7A473D6F24750058000B84FC /* Build configuration list for PBXNativeTarget "WJDemoUITests" */;
			buildPhases = (
				74B18C5B5FF424D4AF73F65E /* [CP] Check Pods Manifest.lock */,
				7A473D5C24750058000B84FC /* Sources */,
				7A473D5D24750058000B84FC /* Frameworks */,
				7A473D5E24750058000B84FC /* Resources */,
				4E2C22A3C8FC15FE08217ED2 /* [CP] Embed Pods Frameworks */,
			);
			buildRules = (
			);
			dependencies = (
				7A473D6224750058000B84FC /* PBXTargetDependency */,
			);
			name = WJDemoUITests;
			productName = WJDemoUITests;
			productReference = 7A473D6024750058000B84FC /* WJDemoUITests.xctest */;
			productType = "com.apple.product-type.bundle.ui-testing";
		};
/* End PBXNativeTarget section */

/* Begin PBXProject section */
		7A473D3224750055000B84FC /* Project object */ = {
			isa = PBXProject;
			attributes = {
				LastUpgradeCheck = 1110;
				ORGANIZATIONNAME = "王纯杰";
				TargetAttributes = {
					7A473D3924750055000B84FC = {
						CreatedOnToolsVersion = 11.1;
					};
					7A473D5424750058000B84FC = {
						CreatedOnToolsVersion = 11.1;
						TestTargetID = 7A473D3924750055000B84FC;
					};
					7A473D5F24750058000B84FC = {
						CreatedOnToolsVersion = 11.1;
						TestTargetID = 7A473D3924750055000B84FC;
					};
				};
			};
			buildConfigurationList = 7A473D3524750055000B84FC /* Build configuration list for PBXProject "WJDemo" */;
			compatibilityVersion = "Xcode 9.3";
			developmentRegion = en;
			hasScannedForEncodings = 0;
			knownRegions = (
				en,
				Base,
			);
			mainGroup = 7A473D3124750055000B84FC;
			productRefGroup = 7A473D3B24750055000B84FC /* Products */;
			projectDirPath = "";
			projectRoot = "";
			targets = (
				7A473D3924750055000B84FC /* WJDemo */,
				7A473D5424750058000B84FC /* WJDemoTests */,
				7A473D5F24750058000B84FC /* WJDemoUITests */,
			);
		};
/* End PBXProject section */

/* Begin PBXResourcesBuildPhase section */
		7A473D3824750055000B84FC /* Resources */ = {
			isa = PBXResourcesBuildPhase;
			buildActionMask = 2147483647;
			files = (
				7A473D4D24750058000B84FC /* LaunchScreen.storyboard in Resources */,
				7A473D4A24750058000B84FC /* Assets.xcassets in Resources */,
				7A473D4824750055000B84FC /* Main.storyboard in Resources */,
			);
			runOnlyForDeploymentPostprocessing = 0;
		};
		7A473D5324750058000B84FC /* Resources */ = {
			isa = PBXResourcesBuildPhase;
			buildActionMask = 2147483647;
			files = (
			);
			runOnlyForDeploymentPostprocessing = 0;
		};
		7A473D5E24750058000B84FC /* Resources */ = {
			isa = PBXResourcesBuildPhase;
			buildActionMask = 2147483647;
			files = (
			);
			runOnlyForDeploymentPostprocessing = 0;
		};
/* End PBXResourcesBuildPhase section */

/* Begin PBXShellScriptBuildPhase section */
		4E2C22A3C8FC15FE08217ED2 /* [CP] Embed Pods Frameworks */ = {
			isa = PBXShellScriptBuildPhase;
			buildActionMask = 2147483647;
			files = (
			);
			inputFileListPaths = (
				"${PODS_ROOT}/Target Support Files/Pods-WJDemo-WJDemoUITests/Pods-WJDemo-WJDemoUITests-frameworks-${CONFIGURATION}-input-files.xcfilelist",
			);
			name = "[CP] Embed Pods Frameworks";
			outputFileListPaths = (
				"${PODS_ROOT}/Target Support Files/Pods-WJDemo-WJDemoUITests/Pods-WJDemo-WJDemoUITests-frameworks-${CONFIGURATION}-output-files.xcfilelist",
			);
			runOnlyForDeploymentPostprocessing = 0;
			shellPath = /bin/sh;
			shellScript = "\"${PODS_ROOT}/Target Support Files/Pods-WJDemo-WJDemoUITests/Pods-WJDemo-WJDemoUITests-frameworks.sh\"\n";
			showEnvVarsInLog = 0;
		};
		5FC6F9D3C97CF81F5CE31114 /* [CP] Check Pods Manifest.lock */ = {
			isa = PBXShellScriptBuildPhase;
			buildActionMask = 2147483647;
			files = (
			);
			inputFileListPaths = (
			);
			inputPaths = (
				"${PODS_PODFILE_DIR_PATH}/Podfile.lock",
				"${PODS_ROOT}/Manifest.lock",
			);
			name = "[CP] Check Pods Manifest.lock";
			outputFileListPaths = (
			);
			outputPaths = (
				"$(DERIVED_FILE_DIR)/Pods-WJDemoTests-checkManifestLockResult.txt",
			);
			runOnlyForDeploymentPostprocessing = 0;
			shellPath = /bin/sh;
			shellScript = "diff \"${PODS_PODFILE_DIR_PATH}/Podfile.lock\" \"${PODS_ROOT}/Manifest.lock\" > /dev/null\nif [ $? != 0 ] ; then\n    # print error to STDERR\n    echo \"error: The sandbox is not in sync with the Podfile.lock. Run 'pod install' or update your CocoaPods installation.\" >&2\n    exit 1\nfi\n# This output is used by Xcode 'outputs' to avoid re-running this script phase.\necho \"SUCCESS\" > \"${SCRIPT_OUTPUT_FILE_0}\"\n";
			showEnvVarsInLog = 0;
		};
		74B18C5B5FF424D4AF73F65E /* [CP] Check Pods Manifest.lock */ = {
			isa = PBXShellScriptBuildPhase;
			buildActionMask = 2147483647;
			files = (
			);
			inputFileListPaths = (
			);
			inputPaths = (
				"${PODS_PODFILE_DIR_PATH}/Podfile.lock",
				"${PODS_ROOT}/Manifest.lock",
			);
			name = "[CP] Check Pods Manifest.lock";
			outputFileListPaths = (
			);
			outputPaths = (
				"$(DERIVED_FILE_DIR)/Pods-WJDemo-WJDemoUITests-checkManifestLockResult.txt",
			);
			runOnlyForDeploymentPostprocessing = 0;
			shellPath = /bin/sh;
			shellScript = "diff \"${PODS_PODFILE_DIR_PATH}/Podfile.lock\" \"${PODS_ROOT}/Manifest.lock\" > /dev/null\nif [ $? != 0 ] ; then\n    # print error to STDERR\n    echo \"error: The sandbox is not in sync with the Podfile.lock. Run 'pod install' or update your CocoaPods installation.\" >&2\n    exit 1\nfi\n# This output is used by Xcode 'outputs' to avoid re-running this script phase.\necho \"SUCCESS\" > \"${SCRIPT_OUTPUT_FILE_0}\"\n";
			showEnvVarsInLog = 0;
		};
		7AADABB18CA69CC913CA4CA5 /* [CP] Check Pods Manifest.lock */ = {
			isa = PBXShellScriptBuildPhase;
			buildActionMask = 2147483647;
			files = (
			);
			inputFileListPaths = (
			);
			inputPaths = (
				"${PODS_PODFILE_DIR_PATH}/Podfile.lock",
				"${PODS_ROOT}/Manifest.lock",
			);
			name = "[CP] Check Pods Manifest.lock";
			outputFileListPaths = (
			);
			outputPaths = (
				"$(DERIVED_FILE_DIR)/Pods-WJDemo-checkManifestLockResult.txt",
			);
			runOnlyForDeploymentPostprocessing = 0;
			shellPath = /bin/sh;
			shellScript = "diff \"${PODS_PODFILE_DIR_PATH}/Podfile.lock\" \"${PODS_ROOT}/Manifest.lock\" > /dev/null\nif [ $? != 0 ] ; then\n    # print error to STDERR\n    echo \"error: The sandbox is not in sync with the Podfile.lock. Run 'pod install' or update your CocoaPods installation.\" >&2\n    exit 1\nfi\n# This output is used by Xcode 'outputs' to avoid re-running this script phase.\necho \"SUCCESS\" > \"${SCRIPT_OUTPUT_FILE_0}\"\n";
			showEnvVarsInLog = 0;
		};
		DBD391EFEA653E63F008CDFC /* [CP] Embed Pods Frameworks */ = {
			isa = PBXShellScriptBuildPhase;
			buildActionMask = 2147483647;
			files = (
			);
			inputFileListPaths = (
				"${PODS_ROOT}/Target Support Files/Pods-WJDemo/Pods-WJDemo-frameworks-${CONFIGURATION}-input-files.xcfilelist",
			);
			name = "[CP] Embed Pods Frameworks";
			outputFileListPaths = (
				"${PODS_ROOT}/Target Support Files/Pods-WJDemo/Pods-WJDemo-frameworks-${CONFIGURATION}-output-files.xcfilelist",
			);
			runOnlyForDeploymentPostprocessing = 0;
			shellPath = /bin/sh;
			shellScript = "\"${PODS_ROOT}/Target Support Files/Pods-WJDemo/Pods-WJDemo-frameworks.sh\"\n";
			showEnvVarsInLog = 0;
		};
/* End PBXShellScriptBuildPhase section */

/* Begin PBXSourcesBuildPhase section */
		7A473D3624750055000B84FC /* Sources */ = {
			isa = PBXSourcesBuildPhase;
			buildActionMask = 2147483647;
			files = (
				7A473D4524750055000B84FC /* ViewController.m in Sources */,
				7A473D3F24750055000B84FC /* AppDelegate.m in Sources */,
				7A473D5024750058000B84FC /* main.m in Sources */,
				7A473D4224750055000B84FC /* SceneDelegate.m in Sources */,
			);
			runOnlyForDeploymentPostprocessing = 0;
		};
		7A473D5124750058000B84FC /* Sources */ = {
			isa = PBXSourcesBuildPhase;
			buildActionMask = 2147483647;
			files = (
				7A473D5A24750058000B84FC /* WJDemoTests.m in Sources */,
			);
			runOnlyForDeploymentPostprocessing = 0;
		};
		7A473D5C24750058000B84FC /* Sources */ = {
			isa = PBXSourcesBuildPhase;
			buildActionMask = 2147483647;
			files = (
				7A473D6524750058000B84FC /* WJDemoUITests.m in Sources */,
			);
			runOnlyForDeploymentPostprocessing = 0;
		};
/* End PBXSourcesBuildPhase section */

/* Begin PBXTargetDependency section */
		7A473D5724750058000B84FC /* PBXTargetDependency */ = {
			isa = PBXTargetDependency;
			target = 7A473D3924750055000B84FC /* WJDemo */;
			targetProxy = 7A473D5624750058000B84FC /* PBXContainerItemProxy */;
		};
		7A473D6224750058000B84FC /* PBXTargetDependency */ = {
			isa = PBXTargetDependency;
			target = 7A473D3924750055000B84FC /* WJDemo */;
			targetProxy = 7A473D6124750058000B84FC /* PBXContainerItemProxy */;
		};
/* End PBXTargetDependency section */

/* Begin PBXVariantGroup section */
		7A473D4624750055000B84FC /* Main.storyboard */ = {
			isa = PBXVariantGroup;
			children = (
				7A473D4724750055000B84FC /* Base */,
			);
			name = Main.storyboard;
			sourceTree = "<group>";
		};
		7A473D4B24750058000B84FC /* LaunchScreen.storyboard */ = {
			isa = PBXVariantGroup;
			children = (
				7A473D4C24750058000B84FC /* Base */,
			);
			name = LaunchScreen.storyboard;
			sourceTree = "<group>";
		};
/* End PBXVariantGroup section */

/* Begin XCBuildConfiguration section */
		7A473D6724750058000B84FC /* Debug */ = {
			isa = XCBuildConfiguration;
			buildSettings = {
				ALWAYS_SEARCH_USER_PATHS = NO;
				CLANG_ANALYZER_NONNULL = YES;
				CLANG_ANALYZER_NUMBER_OBJECT_CONVERSION = YES_AGGRESSIVE;
				CLANG_CXX_LANGUAGE_STANDARD = "gnu++14";
				CLANG_CXX_LIBRARY = "libc++";
				CLANG_ENABLE_MODULES = YES;
				CLANG_ENABLE_OBJC_ARC = YES;
				CLANG_ENABLE_OBJC_WEAK = YES;
				CLANG_WARN_BLOCK_CAPTURE_AUTORELEASING = YES;
				CLANG_WARN_BOOL_CONVERSION = YES;
				CLANG_WARN_COMMA = YES;
				CLANG_WARN_CONSTANT_CONVERSION = YES;
				CLANG_WARN_DEPRECATED_OBJC_IMPLEMENTATIONS = YES;
				CLANG_WARN_DIRECT_OBJC_ISA_USAGE = YES_ERROR;
				CLANG_WARN_DOCUMENTATION_COMMENTS = YES;
				CLANG_WARN_EMPTY_BODY = YES;
				CLANG_WARN_ENUM_CONVERSION = YES;
				CLANG_WARN_INFINITE_RECURSION = YES;
				CLANG_WARN_INT_CONVERSION = YES;
				CLANG_WARN_NON_LITERAL_NULL_CONVERSION = YES;
				CLANG_WARN_OBJC_IMPLICIT_RETAIN_SELF = YES;
				CLANG_WARN_OBJC_LITERAL_CONVERSION = YES;
				CLANG_WARN_OBJC_ROOT_CLASS = YES_ERROR;
				CLANG_WARN_RANGE_LOOP_ANALYSIS = YES;
				CLANG_WARN_STRICT_PROTOTYPES = YES;
				CLANG_WARN_SUSPICIOUS_MOVE = YES;
				CLANG_WARN_UNGUARDED_AVAILABILITY = YES_AGGRESSIVE;
				CLANG_WARN_UNREACHABLE_CODE = YES;
				CLANG_WARN__DUPLICATE_METHOD_MATCH = YES;
				COPY_PHASE_STRIP = NO;
				DEBUG_INFORMATION_FORMAT = dwarf;
				ENABLE_STRICT_OBJC_MSGSEND = YES;
				ENABLE_TESTABILITY = YES;
				GCC_C_LANGUAGE_STANDARD = gnu11;
				GCC_DYNAMIC_NO_PIC = NO;
				GCC_NO_COMMON_BLOCKS = YES;
				GCC_OPTIMIZATION_LEVEL = 0;
				GCC_PREPROCESSOR_DEFINITIONS = (
					"DEBUG=1",
					"$(inherited)",
				);
				GCC_WARN_64_TO_32_BIT_CONVERSION = YES;
				GCC_WARN_ABOUT_RETURN_TYPE = YES_ERROR;
				GCC_WARN_UNDECLARED_SELECTOR = YES;
				GCC_WARN_UNINITIALIZED_AUTOS = YES_AGGRESSIVE;
				GCC_WARN_UNUSED_FUNCTION = YES;
				GCC_WARN_UNUSED_VARIABLE = YES;
				IPHONEOS_DEPLOYMENT_TARGET = 13.1;
				MTL_ENABLE_DEBUG_INFO = INCLUDE_SOURCE;
				MTL_FAST_MATH = YES;
				ONLY_ACTIVE_ARCH = YES;
				SDKROOT = iphoneos;
			};
			name = Debug;
		};
		7A473D6824750058000B84FC /* Release */ = {
			isa = XCBuildConfiguration;
			buildSettings = {
				ALWAYS_SEARCH_USER_PATHS = NO;
				CLANG_ANALYZER_NONNULL = YES;
				CLANG_ANALYZER_NUMBER_OBJECT_CONVERSION = YES_AGGRESSIVE;
				CLANG_CXX_LANGUAGE_STANDARD = "gnu++14";
				CLANG_CXX_LIBRARY = "libc++";
				CLANG_ENABLE_MODULES = YES;
				CLANG_ENABLE_OBJC_ARC = YES;
				CLANG_ENABLE_OBJC_WEAK = YES;
				CLANG_WARN_BLOCK_CAPTURE_AUTORELEASING = YES;
				CLANG_WARN_BOOL_CONVERSION = YES;
				CLANG_WARN_COMMA = YES;
				CLANG_WARN_CONSTANT_CONVERSION = YES;
				CLANG_WARN_DEPRECATED_OBJC_IMPLEMENTATIONS = YES;
				CLANG_WARN_DIRECT_OBJC_ISA_USAGE = YES_ERROR;
				CLANG_WARN_DOCUMENTATION_COMMENTS = YES;
				CLANG_WARN_EMPTY_BODY = YES;
				CLANG_WARN_ENUM_CONVERSION = YES;
				CLANG_WARN_INFINITE_RECURSION = YES;
				CLANG_WARN_INT_CONVERSION = YES;
				CLANG_WARN_NON_LITERAL_NULL_CONVERSION = YES;
				CLANG_WARN_OBJC_IMPLICIT_RETAIN_SELF = YES;
				CLANG_WARN_OBJC_LITERAL_CONVERSION = YES;
				CLANG_WARN_OBJC_ROOT_CLASS = YES_ERROR;
				CLANG_WARN_RANGE_LOOP_ANALYSIS = YES;
				CLANG_WARN_STRICT_PROTOTYPES = YES;
				CLANG_WARN_SUSPICIOUS_MOVE = YES;
				CLANG_WARN_UNGUARDED_AVAILABILITY = YES_AGGRESSIVE;
				CLANG_WARN_UNREACHABLE_CODE = YES;
				CLANG_WARN__DUPLICATE_METHOD_MATCH = YES;
				COPY_PHASE_STRIP = NO;
				DEBUG_INFORMATION_FORMAT = "dwarf-with-dsym";
				ENABLE_NS_ASSERTIONS = NO;
				ENABLE_STRICT_OBJC_MSGSEND = YES;
				GCC_C_LANGUAGE_STANDARD = gnu11;
				GCC_NO_COMMON_BLOCKS = YES;
				GCC_WARN_64_TO_32_BIT_CONVERSION = YES;
				GCC_WARN_ABOUT_RETURN_TYPE = YES_ERROR;
				GCC_WARN_UNDECLARED_SELECTOR = YES;
				GCC_WARN_UNINITIALIZED_AUTOS = YES_AGGRESSIVE;
				GCC_WARN_UNUSED_FUNCTION = YES;
				GCC_WARN_UNUSED_VARIABLE = YES;
				IPHONEOS_DEPLOYMENT_TARGET = 13.1;
				MTL_ENABLE_DEBUG_INFO = NO;
				MTL_FAST_MATH = YES;
				SDKROOT = iphoneos;
				VALIDATE_PRODUCT = YES;
			};
			name = Release;
		};
		7A473D6A24750058000B84FC /* Debug */ = {
			isa = XCBuildConfiguration;
			baseConfigurationReference = 4F423701EF46DB8EBF397EE4 /* Pods-WJDemo.debug.xcconfig */;
			buildSettings = {
				ASSETCATALOG_COMPILER_APPICON_NAME = AppIcon;
				CODE_SIGN_STYLE = Automatic;
				INFOPLIST_FILE = WJDemo/Info.plist;
				LD_RUNPATH_SEARCH_PATHS = (
					"$(inherited)",
					"@executable_path/Frameworks",
				);
				PRODUCT_BUNDLE_IDENTIFIER = com.text.WJDemo;
				PRODUCT_NAME = "$(TARGET_NAME)";
				TARGETED_DEVICE_FAMILY = "1,2";
			};
			name = Debug;
		};
		7A473D6B24750058000B84FC /* Release */ = {
			isa = XCBuildConfiguration;
			baseConfigurationReference = 21A4F798EA0FED514D65697A /* Pods-WJDemo.release.xcconfig */;
			buildSettings = {
				ASSETCATALOG_COMPILER_APPICON_NAME = AppIcon;
				CODE_SIGN_STYLE = Automatic;
				INFOPLIST_FILE = WJDemo/Info.plist;
				LD_RUNPATH_SEARCH_PATHS = (
					"$(inherited)",
					"@executable_path/Frameworks",
				);
				PRODUCT_BUNDLE_IDENTIFIER = com.text.WJDemo;
				PRODUCT_NAME = "$(TARGET_NAME)";
				TARGETED_DEVICE_FAMILY = "1,2";
			};
			name = Release;
		};
		7A473D6D24750058000B84FC /* Debug */ = {
			isa = XCBuildConfiguration;
			baseConfigurationReference = 48684FA3B14C9B0A606F1472 /* Pods-WJDemoTests.debug.xcconfig */;
			buildSettings = {
				BUNDLE_LOADER = "$(TEST_HOST)";
				CODE_SIGN_STYLE = Automatic;
				INFOPLIST_FILE = WJDemoTests/Info.plist;
				IPHONEOS_DEPLOYMENT_TARGET = 13.1;
				LD_RUNPATH_SEARCH_PATHS = (
					"$(inherited)",
					"@executable_path/Frameworks",
					"@loader_path/Frameworks",
				);
				PRODUCT_BUNDLE_IDENTIFIER = com.text.WJDemoTests;
				PRODUCT_NAME = "$(TARGET_NAME)";
				TARGETED_DEVICE_FAMILY = "1,2";
				TEST_HOST = "$(BUILT_PRODUCTS_DIR)/WJDemo.app/WJDemo";
			};
			name = Debug;
		};
		7A473D6E24750058000B84FC /* Release */ = {
			isa = XCBuildConfiguration;
			baseConfigurationReference = 5D5D41138C73DD9F623A4F69 /* Pods-WJDemoTests.release.xcconfig */;
			buildSettings = {
				BUNDLE_LOADER = "$(TEST_HOST)";
				CODE_SIGN_STYLE = Automatic;
				INFOPLIST_FILE = WJDemoTests/Info.plist;
				IPHONEOS_DEPLOYMENT_TARGET = 13.1;
				LD_RUNPATH_SEARCH_PATHS = (
					"$(inherited)",
					"@executable_path/Frameworks",
					"@loader_path/Frameworks",
				);
				PRODUCT_BUNDLE_IDENTIFIER = com.text.WJDemoTests;
				PRODUCT_NAME = "$(TARGET_NAME)";
				TARGETED_DEVICE_FAMILY = "1,2";
				TEST_HOST = "$(BUILT_PRODUCTS_DIR)/WJDemo.app/WJDemo";
			};
			name = Release;
		};
		7A473D7024750058000B84FC /* Debug */ = {
			isa = XCBuildConfiguration;
			baseConfigurationReference = 595BAD0FE959F8E1DC44E1C4 /* Pods-WJDemo-WJDemoUITests.debug.xcconfig */;
			buildSettings = {
				CODE_SIGN_STYLE = Automatic;
				INFOPLIST_FILE = WJDemoUITests/Info.plist;
				LD_RUNPATH_SEARCH_PATHS = (
					"$(inherited)",
					"@executable_path/Frameworks",
					"@loader_path/Frameworks",
				);
				PRODUCT_BUNDLE_IDENTIFIER = com.text.WJDemoUITests;
				PRODUCT_NAME = "$(TARGET_NAME)";
				TARGETED_DEVICE_FAMILY = "1,2";
				TEST_TARGET_NAME = WJDemo;
			};
			name = Debug;
		};
		7A473D7124750058000B84FC /* Release */ = {
			isa = XCBuildConfiguration;
			baseConfigurationReference = 33212A76AB003E6ADA7AE34F /* Pods-WJDemo-WJDemoUITests.release.xcconfig */;
			buildSettings = {
				CODE_SIGN_STYLE = Automatic;
				INFOPLIST_FILE = WJDemoUITests/Info.plist;
				LD_RUNPATH_SEARCH_PATHS = (
					"$(inherited)",
					"@executable_path/Frameworks",
					"@loader_path/Frameworks",
				);
				PRODUCT_BUNDLE_IDENTIFIER = com.text.WJDemoUITests;
				PRODUCT_NAME = "$(TARGET_NAME)";
				TARGETED_DEVICE_FAMILY = "1,2";
				TEST_TARGET_NAME = WJDemo;
			};
			name = Release;
		};
/* End XCBuildConfiguration section */

/* Begin XCConfigurationList section */
		7A473D3524750055000B84FC /* Build configuration list for PBXProject "WJDemo" */ = {
			isa = XCConfigurationList;
			buildConfigurations = (
				7A473D6724750058000B84FC /* Debug */,
				7A473D6824750058000B84FC /* Release */,
			);
			defaultConfigurationIsVisible = 0;
			defaultConfigurationName = Release;
		};
		7A473D6924750058000B84FC /* Build configuration list for PBXNativeTarget "WJDemo" */ = {
			isa = XCConfigurationList;
			buildConfigurations = (
				7A473D6A24750058000B84FC /* Debug */,
				7A473D6B24750058000B84FC /* Release */,
			);
			defaultConfigurationIsVisible = 0;
			defaultConfigurationName = Release;
		};
		7A473D6C24750058000B84FC /* Build configuration list for PBXNativeTarget "WJDemoTests" */ = {
			isa = XCConfigurationList;
			buildConfigurations = (
				7A473D6D24750058000B84FC /* Debug */,
				7A473D6E24750058000B84FC /* Release */,
			);
			defaultConfigurationIsVisible = 0;
			defaultConfigurationName = Release;
		};
		7A473D6F24750058000B84FC /* Build configuration list for PBXNativeTarget "WJDemoUITests" */ = {
			isa = XCConfigurationList;
			buildConfigurations = (
				7A473D7024750058000B84FC /* Debug */,
				7A473D7124750058000B84FC /* Release */,
			);
			defaultConfigurationIsVisible = 0;
			defaultConfigurationName = Release;
		};
/* End XCConfigurationList section */
	};
	rootObject = 7A473D3224750055000B84FC /* Project object */;
}
